
Microsoft Visual Studio Solution File, Format Version 9.00
# Visual Studio 2005
Project("{FAE04EC0-301F-11D3-BF4B-00C04F79EFBC}") = "Duoc", "Duoc.csproj", "{8907F830-A76D-4C66-B0D0-05BF8C417DE3}"
EndProject
Project("{FAE04EC0-301F-11D3-BF4B-00C04F79EFBC}") = "LibMedi", "..\LibMedi\LibMedi.csproj", "{95A47237-99CE-4B55-9867-D4CF46AA9E08}"
EndProject
Project("{FAE04EC0-301F-11D3-BF4B-00C04F79EFBC}") = "LibDuoc", "..\LibDuoc\LibDuoc.csproj", "{5A32EE49-C81E-4E30-B03A-37270016F430}"
EndProject
Project("{FAE04EC0-301F-11D3-BF4B-00C04F79EFBC}") = "LibList", "..\LibList\LibList.csproj", "{AC81AE2B-D1CF-41FA-934C-6CEBED533383}"
EndProject
Global
	GlobalSection(SolutionConfigurationPlatforms) = preSolution
		Debug|Any CPU = Debug|Any CPU
		Release|Any CPU = Release|Any CPU
	EndGlobalSection
	GlobalSection(ProjectConfigurationPlatforms) = postSolution
		{8907F830-A76D-4C66-B0D0-05BF8C417DE3}.Debug|Any CPU.ActiveCfg = Debug|Any CPU
		{8907F830-A76D-4C66-B0D0-05BF8C417DE3}.Debug|Any CPU.Build.0 = Debug|Any CPU
		{8907F830-A76D-4C66-B0D0-05BF8C417DE3}.Release|Any CPU.ActiveCfg = Release|Any CPU
		{8907F830-A76D-4C66-B0D0-05BF8C417DE3}.Release|Any CPU.Build.0 = Release|Any CPU
		{95A47237-99CE-4B55-9867-D4CF46AA9E08}.Debug|Any CPU.ActiveCfg = Debug|Any CPU
		{95A47237-99CE-4B55-9867-D4CF46AA9E08}.Debug|Any CPU.Build.0 = Debug|Any CPU
		{95A47237-99CE-4B55-9867-D4CF46AA9E08}.Release|Any CPU.ActiveCfg = Release|Any CPU
		{95A47237-99CE-4B55-9867-D4CF46AA9E08}.Release|Any CPU.Build.0 = Release|Any CPU
		{5A32EE49-C81E-4E30-B03A-37270016F430}.Debug|Any CPU.ActiveCfg = Debug|Any CPU
		{5A32EE49-C81E-4E30-B03A-37270016F430}.Debug|Any CPU.Build.0 = Debug|Any CPU
		{5A32EE49-C81E-4E30-B03A-37270016F430}.Release|Any CPU.ActiveCfg = Release|Any CPU
		{5A32EE49-C81E-4E30-B03A-37270016F430}.Release|Any CPU.Build.0 = Release|Any CPU
		{AC81AE2B-D1CF-41FA-934C-6CEBED533383}.Debug|Any CPU.ActiveCfg = Debug|Any CPU
		{AC81AE2B-D1CF-41FA-934C-6CEBED533383}.Debug|Any CPU.Build.0 = Debug|Any CPU
		{AC81AE2B-D1CF-41FA-934C-6CEBED533383}.Release|Any CPU.ActiveCfg = Release|Any CPU
		{AC81AE2B-D1CF-41FA-934C-6CEBED533383}.Release|Any CPU.Build.0 = Release|Any CPU
	EndGlobalSection
	GlobalSection(SolutionProperties) = preSolution
		HideSolutionNode = FALSE
	EndGlobalSection
EndGlobal
