
Microsoft Visual Studio Solution File, Format Version 9.00
# Visual Studio 2005
Project("{FAE04EC0-301F-11D3-BF4B-00C04F79EFBC}") = "Xemkqcls", "Xemkqcls.csproj", "{42AF7761-8849-4F21-AA41-A8CE1B9FF6D7}"
EndProject
Project("{FAE04EC0-301F-11D3-BF4B-00C04F79EFBC}") = "LibVP", "..\LibVP\LibVP.csproj", "{32440DBE-505F-455F-A334-407C1FB06123}"
EndProject
Global
	GlobalSection(SourceCodeControl) = preSolution
		SccNumberOfProjects = 2
		SccLocalPath0 = .
		SccProjectUniqueName1 = ..\\LibVP\\LibVP.csproj
		SccProjectName1 = \u0022$/Vienphi2007.root/Vienphi2007/LibVP\u0022,\u0020XAAAAAAA
		SccLocalPath1 = ..\\LibVP
	EndGlobalSection
	GlobalSection(SolutionConfigurationPlatforms) = preSolution
		Debug|Any CPU = Debug|Any CPU
		Release|Any CPU = Release|Any CPU
	EndGlobalSection
	GlobalSection(ProjectConfigurationPlatforms) = postSolution
		{42AF7761-8849-4F21-AA41-A8CE1B9FF6D7}.Debug|Any CPU.ActiveCfg = Debug|Any CPU
		{42AF7761-8849-4F21-AA41-A8CE1B9FF6D7}.Debug|Any CPU.Build.0 = Debug|Any CPU
		{42AF7761-8849-4F21-AA41-A8CE1B9FF6D7}.Release|Any CPU.ActiveCfg = Release|Any CPU
		{42AF7761-8849-4F21-AA41-A8CE1B9FF6D7}.Release|Any CPU.Build.0 = Release|Any CPU
		{32440DBE-505F-455F-A334-407C1FB06123}.Debug|Any CPU.ActiveCfg = Debug|Any CPU
		{32440DBE-505F-455F-A334-407C1FB06123}.Debug|Any CPU.Build.0 = Debug|Any CPU
		{32440DBE-505F-455F-A334-407C1FB06123}.Release|Any CPU.ActiveCfg = Release|Any CPU
		{32440DBE-505F-455F-A334-407C1FB06123}.Release|Any CPU.Build.0 = Release|Any CPU
	EndGlobalSection
	GlobalSection(SolutionProperties) = preSolution
		HideSolutionNode = FALSE
	EndGlobalSection
EndGlobal
